github.com/mattn/go-xmpp v0.0.0-20200309091041-899ef71e80d2 h1:F544zRtDc/pMpFNHN46oeXV2jIAG4DoMH+6zlVSn0Q8=
github.com/mattn/go-xmpp v0.0.0-20200309091041-899ef71e80d2/go.mod h1:Cs5mF0OsrRRmhkyOod//ldNPOwJsrBvJ+1WRspv0xoc=
github.com/pborman/getopt v0.0.0-20190409184431-ee0cd42419d3 h1:YtFkrqsMEj7YqpIhRteVxJxCeC3jJBieuLr0d4C4rSA=
github.com/pborman/getopt v0.0.0-20190409184431-ee0cd42419d3/go.mod h1:85jBQOZwpVEaDAr341tbn15RS4fCAsIst0qp7i8ex1o=
github.com/sonnt85/gosutils v1.0.0 h1:ZCyOe+BQZHX5gAzLDzyOVJ7uPPEvHxQdxnmrb+TNmL0=
